// !$*UTF8*$!
{
	archiveVersion = 1;
	classes = {
	};
	objectVersion = 77;
	objects = {

/* Begin PBXContainerItemProxy section */
		3A8296592CB31CFA00EE45EC /* PBXContainerItemProxy */ = {
			isa = PBXContainerItemProxy;
			containerPortal = 3A82963E2CB31CF800EE45EC /* Project object */;
			proxyType = 1;
			remoteGlobalIDString = 3A8296452CB31CF800EE45EC;
			remoteInfo = Hastlove;
		};
		3A8296632CB31CFA00EE45EC /* PBXContainerItemProxy */ = {
			isa = PBXContainerItemProxy;
			containerPortal = 3A82963E2CB31CF800EE45EC /* Project object */;
			proxyType = 1;
			remoteGlobalIDString = 3A8296452CB31CF800EE45EC;
			remoteInfo = Hastlove;
		};
/* End PBXContainerItemProxy section */

/* Begin PBXFileReference section */
		3A8296462CB31CF800EE45EC /* Hastlove.app */ = {isa = PBXFileReference; explicitFileType = wrapper.application; includeInIndex = 0; path = Hastlove.app; sourceTree = BUILT_PRODUCTS_DIR; };
		3A8296582CB31CFA00EE45EC /* HastloveTests.xctest */ = {isa = PBXFileReference; explicitFileType = wrapper.cfbundle; includeInIndex = 0; path = HastloveTests.xctest; sourceTree = BUILT_PRODUCTS_DIR; };
		3A8296622CB31CFA00EE45EC /* HastloveUITests.xctest */ = {isa = PBXFileReference; explicitFileType = wrapper.cfbundle; includeInIndex = 0; path = HastloveUITests.xctest; sourceTree = BUILT_PRODUCTS_DIR; };
/* End PBXFileReference section */

/* Begin PBXFileSystemSynchronizedRootGroup section */
		3A8296482CB31CF800EE45EC /* Hastlove */ = {
			isa = PBXFileSystemSynchronizedRootGroup;
			path = Hastlove;
			sourceTree = "<group>";
		};
		3A82965B2CB31CFA00EE45EC /* HastloveTests */ = {
			isa = PBXFileSystemSynchronizedRootGroup;
			path = HastloveTests;
			sourceTree = "<group>";
		};
		3A8296652CB31CFA00EE45EC /* HastloveUITests */ = {
			isa = PBXFileSystemSynchronizedRootGroup;
			path = HastloveUITests;
			sourceTree = "<group>";
		};
/* End PBXFileSystemSynchronizedRootGroup section */

/* Begin PBXFrameworksBuildPhase section */
		3A8296432CB31CF800EE45EC /* Frameworks */ = {
			isa = PBXFrameworksBuildPhase;
			buildActionMask = 2147483647;
			files = (
			);
			runOnlyForDeploymentPostprocessing = 0;
		};
		3A8296552CB31CFA00EE45EC /* Frameworks */ = {
			isa = PBXFrameworksBuildPhase;
			buildActionMask = 2147483647;
			files = (
			);
			runOnlyForDeploymentPostprocessing = 0;
		};
		3A82965F2CB31CFA00EE45EC /* Frameworks */ = {
			isa = PBXFrameworksBuildPhase;
			buildActionMask = 2147483647;
			files = (
			);
			runOnlyForDeploymentPostprocessing = 0;
		};
/* End PBXFrameworksBuildPhase section */

/* Begin PBXGroup section */
		3A82963D2CB31CF800EE45EC = {
			isa = PBXGroup;
			children = (
				3A8296482CB31CF800EE45EC /* Hastlove */,
				3A82965B2CB31CFA00EE45EC /* HastloveTests */,
				3A8296652CB31CFA00EE45EC /* HastloveUITests */,
				3A8296472CB31CF800EE45EC /* Products */,
			);
			sourceTree = "<group>";
		};
		3A8296472CB31CF800EE45EC /* Products */ = {
			isa = PBXGroup;
			children = (
				3A8296462CB31CF800EE45EC /* Hastlove.app */,
				3A8296582CB31CFA00EE45EC /* HastloveTests.xctest */,
				3A8296622CB31CFA00EE45EC /* HastloveUITests.xctest */,
			);
			name = Products;
			sourceTree = "<group>";
		};
/* End PBXGroup section */

/* Begin PBXNativeTarget section */
		3A8296452CB31CF800EE45EC /* Hastlove */ = {
			isa = PBXNativeTarget;
			buildConfigurationList = 3A82966C2CB31CFA00EE45EC /* Build configuration list for PBXNativeTarget "Hastlove" */;
			buildPhases = (
				3A8296422CB31CF800EE45EC /* Sources */,
				3A8296432CB31CF800EE45EC /* Frameworks */,
				3A8296442CB31CF800EE45EC /* Resources */,
			);
			buildRules = (
			);
			dependencies = (
			);
			fileSystemSynchronizedGroups = (
				3A8296482CB31CF800EE45EC /* Hastlove */,
			);
			name = Hastlove;
			packageProductDependencies = (
			);
			productName = Hastlove;
			productReference = 3A8296462CB31CF800EE45EC /* Hastlove.app */;
			productType = "com.apple.product-type.application";
		};
		3A8296572CB31CFA00EE45EC /* HastloveTests */ = {
			isa = PBXNativeTarget;
			buildConfigurationList = 3A82966F2CB31CFA00EE45EC /* Build configuration list for PBXNativeTarget "HastloveTests" */;
			buildPhases = (
				3A8296542CB31CFA00EE45EC /* Sources */,
				3A8296552CB31CFA00EE45EC /* Frameworks */,
				3A8296562CB31CFA00EE45EC /* Resources */,
			);
			buildRules = (
			);
			dependencies = (
				3A82965A2CB31CFA00EE45EC /* PBXTargetDependency */,
			);
			fileSystemSynchronizedGroups = (
				3A82965B2CB31CFA00EE45EC /* HastloveTests */,
			);
			name = HastloveTests;
			packageProductDependencies = (
			);
			productName = HastloveTests;
			productReference = 3A8296582CB31CFA00EE45EC /* HastloveTests.xctest */;
			productType = "com.apple.product-type.bundle.unit-test";
		};
		3A8296612CB31CFA00EE45EC /* HastloveUITests */ = {
			isa = PBXNativeTarget;
			buildConfigurationList = 3A8296722CB31CFA00EE45EC /* Build configuration list for PBXNativeTarget "HastloveUITests" */;
			buildPhases = (
				3A82965E2CB31CFA00EE45EC /* Sources */,
				3A82965F2CB31CFA00EE45EC /* Frameworks */,
				3A8296602CB31CFA00EE45EC /* Resources */,
			);
			buildRules = (
			);
			dependencies = (
				3A8296642CB31CFA00EE45EC /* PBXTargetDependency */,
			);
			fileSystemSynchronizedGroups = (
				3A8296652CB31CFA00EE45EC /* HastloveUITests */,
			);
			name = HastloveUITests;
			packageProductDependencies = (
			);
			productName = HastloveUITests;
			productReference = 3A8296622CB31CFA00EE45EC /* HastloveUITests.xctest */;
			productType = "com.apple.product-type.bundle.ui-testing";
		};
/* End PBXNativeTarget section */

/* Begin PBXProject section */
		3A82963E2CB31CF800EE45EC /* Project object */ = {
			isa = PBXProject;
			attributes = {
				BuildIndependentTargetsInParallel = 1;
				LastSwiftUpdateCheck = 1600;
				LastUpgradeCheck = 1600;
				TargetAttributes = {
					3A8296452CB31CF800EE45EC = {
						CreatedOnToolsVersion = 16.0;
					};
					3A8296572CB31CFA00EE45EC = {
						CreatedOnToolsVersion = 16.0;
						TestTargetID = 3A8296452CB31CF800EE45EC;
					};
					3A8296612CB31CFA00EE45EC = {
						CreatedOnToolsVersion = 16.0;
						TestTargetID = 3A8296452CB31CF800EE45EC;
					};
				};
			};
			buildConfigurationList = 3A8296412CB31CF800EE45EC /* Build configuration list for PBXProject "Hastlove" */;
			developmentRegion = en;
			hasScannedForEncodings = 0;
			knownRegions = (
				en,
				Base,
			);
			mainGroup = 3A82963D2CB31CF800EE45EC;
			minimizedProjectReferenceProxies = 1;
			preferredProjectObjectVersion = 77;
			productRefGroup = 3A8296472CB31CF800EE45EC /* Products */;
			projectDirPath = "";
			projectRoot = "";
			targets = (
				3A8296452CB31CF800EE45EC /* Hastlove */,
				3A8296572CB31CFA00EE45EC /* HastloveTests */,
				3A8296612CB31CFA00EE45EC /* HastloveUITests */,
			);
		};
/* End PBXProject section */

/* Begin PBXResourcesBuildPhase section */
		3A8296442CB31CF800EE45EC /* Resources */ = {
			isa = PBXResourcesBuildPhase;
			buildActionMask = 2147483647;
			files = (
			);
			runOnlyForDeploymentPostprocessing = 0;
		};
		3A8296562CB31CFA00EE45EC /* Resources */ = {
			isa = PBXResourcesBuildPhase;
			buildActionMask = 2147483647;
			files = (
			);
			runOnlyForDeploymentPostprocessing = 0;
		};
		3A8296602CB31CFA00EE45EC /* Resources */ = {
			isa = PBXResourcesBuildPhase;
			buildActionMask = 2147483647;
			files = (
			);
			runOnlyForDeploymentPostprocessing = 0;
		};
/* End PBXResourcesBuildPhase section */

/* Begin PBXSourcesBuildPhase section */
		3A8296422CB31CF800EE45EC /* Sources */ = {
			isa = PBXSourcesBuildPhase;
			buildActionMask = 2147483647;
			files = (
			);
			runOnlyForDeploymentPostprocessing = 0;
		};
		3A8296542CB31CFA00EE45EC /* Sources */ = {
			isa = PBXSourcesBuildPhase;
			buildActionMask = 2147483647;
			files = (
			);
			runOnlyForDeploymentPostprocessing = 0;
		};
		3A82965E2CB31CFA00EE45EC /* Sources */ = {
			isa = PBXSourcesBuildPhase;
			buildActionMask = 2147483647;
			files = (
			);
			runOnlyForDeploymentPostprocessing = 0;
		};
/* End PBXSourcesBuildPhase section */

/* Begin PBXTargetDependency section */
		3A82965A2CB31CFA00EE45EC /* PBXTargetDependency */ = {
			isa = PBXTargetDependency;
			target = 3A8296452CB31CF800EE45EC /* Hastlove */;
			targetProxy = 3A8296592CB31CFA00EE45EC /* PBXContainerItemProxy */;
		};
		3A8296642CB31CFA00EE45EC /* PBXTargetDependency */ = {
			isa = PBXTargetDependency;
			target = 3A8296452CB31CF800EE45EC /* Hastlove */;
			targetProxy = 3A8296632CB31CFA00EE45EC /* PBXContainerItemProxy */;
		};
/* End PBXTargetDependency section */

/* Begin XCBuildConfiguration section */
		3A82966A2CB31CFA00EE45EC /* Debug */ = {
			isa = XCBuildConfiguration;
			buildSettings = {
				ALWAYS_SEARCH_USER_PATHS = NO;
				ASSETCATALOG_COMPILER_GENERATE_SWIFT_ASSET_SYMBOL_EXTENSIONS = YES;
				CLANG_ANALYZER_NONNULL = YES;
				CLANG_ANALYZER_NUMBER_OBJECT_CONVERSION = YES_AGGRESSIVE;
				CLANG_CXX_LANGUAGE_STANDARD = "gnu++20";
				CLANG_ENABLE_MODULES = YES;
				CLANG_ENABLE_OBJC_ARC = YES;
				CLANG_ENABLE_OBJC_WEAK = YES;
				CLANG_WARN_BLOCK_CAPTURE_AUTORELEASING = YES;
				CLANG_WARN_BOOL_CONVERSION = YES;
				CLANG_WARN_COMMA = YES;
				CLANG_WARN_CONSTANT_CONVERSION = YES;
				CLANG_WARN_DEPRECATED_OBJC_IMPLEMENTATIONS = YES;
				CLANG_WARN_DIRECT_OBJC_ISA_USAGE = YES_ERROR;
				CLANG_WARN_DOCUMENTATION_COMMENTS = YES;
				CLANG_WARN_EMPTY_BODY = YES;
				CLANG_WARN_ENUM_CONVERSION = YES;
				CLANG_WARN_INFINITE_RECURSION = YES;
				CLANG_WARN_INT_CONVERSION = YES;
				CLANG_WARN_NON_LITERAL_NULL_CONVERSION = YES;
				CLANG_WARN_OBJC_IMPLICIT_RETAIN_SELF = YES;
				CLANG_WARN_OBJC_LITERAL_CONVERSION = YES;
				CLANG_WARN_OBJC_ROOT_CLASS = YES_ERROR;
				CLANG_WARN_QUOTED_INCLUDE_IN_FRAMEWORK_HEADER = YES;
				CLANG_WARN_RANGE_LOOP_ANALYSIS = YES;
				CLANG_WARN_STRICT_PROTOTYPES = YES;
				CLANG_WARN_SUSPICIOUS_MOVE = YES;
				CLANG_WARN_UNGUARDED_AVAILABILITY = YES_AGGRESSIVE;
				CLANG_WARN_UNREACHABLE_CODE = YES;
				CLANG_WARN__DUPLICATE_METHOD_MATCH = YES;
				COPY_PHASE_STRIP = NO;
				DEBUG_INFORMATION_FORMAT = dwarf;
				ENABLE_STRICT_OBJC_MSGSEND = YES;
				ENABLE_TESTABILITY = YES;
				ENABLE_USER_SCRIPT_SANDBOXING = YES;
				GCC_C_LANGUAGE_STANDARD = gnu17;
				GCC_DYNAMIC_NO_PIC = NO;
				GCC_NO_COMMON_BLOCKS = YES;
				GCC_OPTIMIZATION_LEVEL = 0;
				GCC_PREPROCESSOR_DEFINITIONS = (
					"DEBUG=1",
					"$(inherited)",
				);
				GCC_WARN_64_TO_32_BIT_CONVERSION = YES;
				GCC_WARN_ABOUT_RETURN_TYPE = YES_ERROR;
				GCC_WARN_UNDECLARED_SELECTOR = YES;
				GCC_WARN_UNINITIALIZED_AUTOS = YES_AGGRESSIVE;
				GCC_WARN_UNUSED_FUNCTION = YES;
				GCC_WARN_UNUSED_VARIABLE = YES;
				IPHONEOS_DEPLOYMENT_TARGET = 18.0;
				LOCALIZATION_PREFERS_STRING_CATALOGS = YES;
				MTL_ENABLE_DEBUG_INFO = INCLUDE_SOURCE;
				MTL_FAST_MATH = YES;
				ONLY_ACTIVE_ARCH = YES;
				SDKROOT = iphoneos;
				SWIFT_ACTIVE_COMPILATION_CONDITIONS = "DEBUG $(inherited)";
				SWIFT_OPTIMIZATION_LEVEL = "-Onone";
			};
			name = Debug;
		};
		3A82966B2CB31CFA00EE45EC /* Release */ = {
			isa = XCBuildConfiguration;
			buildSettings = {
				ALWAYS_SEARCH_USER_PATHS = NO;
				ASSETCATALOG_COMPILER_GENERATE_SWIFT_ASSET_SYMBOL_EXTENSIONS = YES;
				CLANG_ANALYZER_NONNULL = YES;
				CLANG_ANALYZER_NUMBER_OBJECT_CONVERSION = YES_AGGRESSIVE;
				CLANG_CXX_LANGUAGE_STANDARD = "gnu++20";
				CLANG_ENABLE_MODULES = YES;
				CLANG_ENABLE_OBJC_ARC = YES;
				CLANG_ENABLE_OBJC_WEAK = YES;
				CLANG_WARN_BLOCK_CAPTURE_AUTORELEASING = YES;
				CLANG_WARN_BOOL_CONVERSION = YES;
				CLANG_WARN_COMMA = YES;
				CLANG_WARN_CONSTANT_CONVERSION = YES;
				CLANG_WARN_DEPRECATED_OBJC_IMPLEMENTATIONS = YES;
				CLANG_WARN_DIRECT_OBJC_ISA_USAGE = YES_ERROR;
				CLANG_WARN_DOCUMENTATION_COMMENTS = YES;
				CLANG_WARN_EMPTY_BODY = YES;
				CLANG_WARN_ENUM_CONVERSION = YES;
				CLANG_WARN_INFINITE_RECURSION = YES;
				CLANG_WARN_INT_CONVERSION = YES;
				CLANG_WARN_NON_LITERAL_NULL_CONVERSION = YES;
				CLANG_WARN_OBJC_IMPLICIT_RETAIN_SELF = YES;
				CLANG_WARN_OBJC_LITERAL_CONVERSION = YES;
				CLANG_WARN_OBJC_ROOT_CLASS = YES_ERROR;
				CLANG_WARN_QUOTED_INCLUDE_IN_FRAMEWORK_HEADER = YES;
				CLANG_WARN_RANGE_LOOP_ANALYSIS = YES;
				CLANG_WARN_STRICT_PROTOTYPES = YES;
				CLANG_WARN_SUSPICIOUS_MOVE = YES;
				CLANG_WARN_UNGUARDED_AVAILABILITY = YES_AGGRESSIVE;
				CLANG_WARN_UNREACHABLE_CODE = YES;
				CLANG_WARN__DUPLICATE_METHOD_MATCH = YES;
				COPY_PHASE_STRIP = NO;
				DEBUG_INFORMATION_FORMAT = "dwarf-with-dsym";
				ENABLE_NS_ASSERTIONS = NO;
				ENABLE_STRICT_OBJC_MSGSEND = YES;
				ENABLE_USER_SCRIPT_SANDBOXING = YES;
				GCC_C_LANGUAGE_STANDARD = gnu17;
				GCC_NO_COMMON_BLOCKS = YES;
				GCC_WARN_64_TO_32_BIT_CONVERSION = YES;
				GCC_WARN_ABOUT_RETURN_TYPE = YES_ERROR;
				GCC_WARN_UNDECLARED_SELECTOR = YES;
				GCC_WARN_UNINITIALIZED_AUTOS = YES_AGGRESSIVE;
				GCC_WARN_UNUSED_FUNCTION = YES;
				GCC_WARN_UNUSED_VARIABLE = YES;
				IPHONEOS_DEPLOYMENT_TARGET = 18.0;
				LOCALIZATION_PREFERS_STRING_CATALOGS = YES;
				MTL_ENABLE_DEBUG_INFO = NO;
				MTL_FAST_MATH = YES;
				SDKROOT = iphoneos;
				SWIFT_COMPILATION_MODE = wholemodule;
				VALIDATE_PRODUCT = YES;
			};
			name = Release;
		};
		3A82966D2CB31CFA00EE45EC /* Debug */ = {
			isa = XCBuildConfiguration;
			buildSettings = {
				ASSETCATALOG_COMPILER_APPICON_NAME = AppIcon;
				ASSETCATALOG_COMPILER_GLOBAL_ACCENT_COLOR_NAME = AccentColor;
				CODE_SIGN_STYLE = Automatic;
				CURRENT_PROJECT_VERSION = 1;
				DEVELOPMENT_ASSET_PATHS = "\"Hastlove/Preview Content\"";
				ENABLE_PREVIEWS = YES;
				GENERATE_INFOPLIST_FILE = YES;
				INFOPLIST_KEY_UIApplicationSceneManifest_Generation = YES;
				INFOPLIST_KEY_UIApplicationSupportsIndirectInputEvents = YES;
				INFOPLIST_KEY_UILaunchScreen_Generation = YES;
				INFOPLIST_KEY_UISupportedInterfaceOrientations_iPad = "UIInterfaceOrientationPortrait UIInterfaceOrientationPortraitUpsideDown UIInterfaceOrientationLandscapeLeft UIInterfaceOrientationLandscapeRight";
				INFOPLIST_KEY_UISupportedInterfaceOrientations_iPhone = "UIInterfaceOrientationPortrait UIInterfaceOrientationLandscapeLeft UIInterfaceOrientationLandscapeRight";
				LD_RUNPATH_SEARCH_PATHS = (
					"$(inherited)",
					"@executable_path/Frameworks",
				);
				MARKETING_VERSION = 1.0;
				PRODUCT_BUNDLE_IDENTIFIER = LufuOS.Hastlove;
				PRODUCT_NAME = "$(TARGET_NAME)";
				SWIFT_EMIT_LOC_STRINGS = YES;
				SWIFT_VERSION = 5.0;
				TARGETED_DEVICE_FAMILY = "1,2";
			};
			name = Debug;
		};
		3A82966E2CB31CFA00EE45EC /* Release */ = {
			isa = XCBuildConfiguration;
			buildSettings = {
				ASSETCATALOG_COMPILER_APPICON_NAME = AppIcon;
				ASSETCATALOG_COMPILER_GLOBAL_ACCENT_COLOR_NAME = AccentColor;
				CODE_SIGN_STYLE = Automatic;
				CURRENT_PROJECT_VERSION = 1;
				DEVELOPMENT_ASSET_PATHS = "\"Hastlove/Preview Content\"";
				ENABLE_PREVIEWS = YES;
				GENERATE_INFOPLIST_FILE = YES;
				INFOPLIST_KEY_UIApplicationSceneManifest_Generation = YES;
				INFOPLIST_KEY_UIApplicationSupportsIndirectInputEvents = YES;
				INFOPLIST_KEY_UILaunchScreen_Generation = YES;
				INFOPLIST_KEY_UISupportedInterfaceOrientations_iPad = "UIInterfaceOrientationPortrait UIInterfaceOrientationPortraitUpsideDown UIInterfaceOrientationLandscapeLeft UIInterfaceOrientationLandscapeRight";
				INFOPLIST_KEY_UISupportedInterfaceOrientations_iPhone = "UIInterfaceOrientationPortrait UIInterfaceOrientationLandscapeLeft UIInterfaceOrientationLandscapeRight";
				LD_RUNPATH_SEARCH_PATHS = (
					"$(inherited)",
					"@executable_path/Frameworks",
				);
				MARKETING_VERSION = 1.0;
				PRODUCT_BUNDLE_IDENTIFIER = LufuOS.Hastlove;
				PRODUCT_NAME = "$(TARGET_NAME)";
				SWIFT_EMIT_LOC_STRINGS = YES;
				SWIFT_VERSION = 5.0;
				TARGETED_DEVICE_FAMILY = "1,2";
			};
			name = Release;
		};
		3A8296702CB31CFA00EE45EC /* Debug */ = {
			isa = XCBuildConfiguration;
			buildSettings = {
				BUNDLE_LOADER = "$(TEST_HOST)";
				CODE_SIGN_STYLE = Automatic;
				CURRENT_PROJECT_VERSION = 1;
				GENERATE_INFOPLIST_FILE = YES;
				IPHONEOS_DEPLOYMENT_TARGET = 18.0;
				MARKETING_VERSION = 1.0;
				PRODUCT_BUNDLE_IDENTIFIER = LufuOS.HastloveTests;
				PRODUCT_NAME = "$(TARGET_NAME)";
				SWIFT_EMIT_LOC_STRINGS = NO;
				SWIFT_VERSION = 5.0;
				TARGETED_DEVICE_FAMILY = "1,2";
				TEST_HOST = "$(BUILT_PRODUCTS_DIR)/Hastlove.app/$(BUNDLE_EXECUTABLE_FOLDER_PATH)/Hastlove";
			};
			name = Debug;
		};
		3A8296712CB31CFA00EE45EC /* Release */ = {
			isa = XCBuildConfiguration;
			buildSettings = {
				BUNDLE_LOADER = "$(TEST_HOST)";
				CODE_SIGN_STYLE = Automatic;
				CURRENT_PROJECT_VERSION = 1;
				GENERATE_INFOPLIST_FILE = YES;
				IPHONEOS_DEPLOYMENT_TARGET = 18.0;
				MARKETING_VERSION = 1.0;
				PRODUCT_BUNDLE_IDENTIFIER = LufuOS.HastloveTests;
				PRODUCT_NAME = "$(TARGET_NAME)";
				SWIFT_EMIT_LOC_STRINGS = NO;
				SWIFT_VERSION = 5.0;
				TARGETED_DEVICE_FAMILY = "1,2";
				TEST_HOST = "$(BUILT_PRODUCTS_DIR)/Hastlove.app/$(BUNDLE_EXECUTABLE_FOLDER_PATH)/Hastlove";
			};
			name = Release;
		};
		3A8296732CB31CFA00EE45EC /* Debug */ = {
			isa = XCBuildConfiguration;
			buildSettings = {
				CODE_SIGN_STYLE = Automatic;
				CURRENT_PROJECT_VERSION = 1;
				GENERATE_INFOPLIST_FILE = YES;
				MARKETING_VERSION = 1.0;
				PRODUCT_BUNDLE_IDENTIFIER = LufuOS.HastloveUITests;
				PRODUCT_NAME = "$(TARGET_NAME)";
				SWIFT_EMIT_LOC_STRINGS = NO;
				SWIFT_VERSION = 5.0;
				TARGETED_DEVICE_FAMILY = "1,2";
				TEST_TARGET_NAME = Hastlove;
			};
			name = Debug;
		};
		3A8296742CB31CFA00EE45EC /* Release */ = {
			isa = XCBuildConfiguration;
			buildSettings = {
				CODE_SIGN_STYLE = Automatic;
				CURRENT_PROJECT_VERSION = 1;
				GENERATE_INFOPLIST_FILE = YES;
				MARKETING_VERSION = 1.0;
				PRODUCT_BUNDLE_IDENTIFIER = LufuOS.HastloveUITests;
				PRODUCT_NAME = "$(TARGET_NAME)";
				SWIFT_EMIT_LOC_STRINGS = NO;
				SWIFT_VERSION = 5.0;
				TARGETED_DEVICE_FAMILY = "1,2";
				TEST_TARGET_NAME = Hastlove;
			};
			name = Release;
		};
/* End XCBuildConfiguration section */

/* Begin XCConfigurationList section */
		3A8296412CB31CF800EE45EC /* Build configuration list for PBXProject "Hastlove" */ = {
			isa = XCConfigurationList;
			buildConfigurations = (
				3A82966A2CB31CFA00EE45EC /* Debug */,
				3A82966B2CB31CFA00EE45EC /* Release */,
			);
			defaultConfigurationIsVisible = 0;
			defaultConfigurationName = Release;
		};
		3A82966C2CB31CFA00EE45EC /* Build configuration list for PBXNativeTarget "Hastlove" */ = {
			isa = XCConfigurationList;
			buildConfigurations = (
				3A82966D2CB31CFA00EE45EC /* Debug */,
				3A82966E2CB31CFA00EE45EC /* Release */,
			);
			defaultConfigurationIsVisible = 0;
			defaultConfigurationName = Release;
		};
		3A82966F2CB31CFA00EE45EC /* Build configuration list for PBXNativeTarget "HastloveTests" */ = {
			isa = XCConfigurationList;
			buildConfigurations = (
				3A8296702CB31CFA00EE45EC /* Debug */,
				3A8296712CB31CFA00EE45EC /* Release */,
			);
			defaultConfigurationIsVisible = 0;
			defaultConfigurationName = Release;
		};
		3A8296722CB31CFA00EE45EC /* Build configuration list for PBXNativeTarget "HastloveUITests" */ = {
			isa = XCConfigurationList;
			buildConfigurations = (
				3A8296732CB31CFA00EE45EC /* Debug */,
				3A8296742CB31CFA00EE45EC /* Release */,
			);
			defaultConfigurationIsVisible = 0;
			defaultConfigurationName = Release;
		};
/* End XCConfigurationList section */
	};
	rootObject = 3A82963E2CB31CF800EE45EC /* Project object */;
}
